
Microsoft Visual Studio Solution File, Format Version 12.00
# Visual Studio Version 17
VisualStudioVersion = 17.6.33815.320
MinimumVisualStudioVersion = 10.0.40219.1
Project("{FAE04EC0-301F-11D3-BF4B-00C04F79EFBC}") = "Battleship.Console", "Battleship.Console\Battleship.Console.csproj", "{A9502AAF-9D4C-4C17-97B6-C83D992BA836}"
EndProject
Global
	GlobalSection(SolutionConfigurationPlatforms) = preSolution
		Debug|Any CPU = Debug|Any CPU
		Release|Any CPU = Release|Any CPU
	EndGlobalSection
	GlobalSection(ProjectConfigurationPlatforms) = postSolution
		{A9502AAF-9D4C-4C17-97B6-C83D992BA836}.Debug|Any CPU.ActiveCfg = Debug|Any CPU
		{A9502AAF-9D4C-4C17-97B6-C83D992BA836}.Debug|Any CPU.Build.0 = Debug|Any CPU
		{A9502AAF-9D4C-4C17-97B6-C83D992BA836}.Release|Any CPU.ActiveCfg = Release|Any CPU
		{A9502AAF-9D4C-4C17-97B6-C83D992BA836}.Release|Any CPU.Build.0 = Release|Any CPU
	EndGlobalSection
	GlobalSection(SolutionProperties) = preSolution
		HideSolutionNode = FALSE
	EndGlobalSection
	GlobalSection(ExtensibilityGlobals) = postSolution
		SolutionGuid = {22C032E0-FFFD-4A81-BF31-4F03FCA73D21}
	EndGlobalSection
EndGlobal
